
Microsoft Visual Studio Solution File, Format Version 12.00
# Visual Studio 15
VisualStudioVersion = 15.0.35213.121
MinimumVisualStudioVersion = 10.0.40219.1
Project("{FAE04EC0-301F-11D3-BF4B-00C04F79EFBC}") = "UML4", "UML4\UML4.csproj", "{03A776AE-1BA8-4AFE-9C1F-6FF0B4536850}"
EndProject
Global
	GlobalSection(SolutionConfigurationPlatforms) = preSolution
		Debug|Any CPU = Debug|Any CPU
		Release|Any CPU = Release|Any CPU
	EndGlobalSection
	GlobalSection(ProjectConfigurationPlatforms) = postSolution
		{03A776AE-1BA8-4AFE-9C1F-6FF0B4536850}.Debug|Any CPU.ActiveCfg = Debug|Any CPU
		{03A776AE-1BA8-4AFE-9C1F-6FF0B4536850}.Debug|Any CPU.Build.0 = Debug|Any CPU
		{03A776AE-1BA8-4AFE-9C1F-6FF0B4536850}.Release|Any CPU.ActiveCfg = Release|Any CPU
		{03A776AE-1BA8-4AFE-9C1F-6FF0B4536850}.Release|Any CPU.Build.0 = Release|Any CPU
	EndGlobalSection
	GlobalSection(SolutionProperties) = preSolution
		HideSolutionNode = FALSE
	EndGlobalSection
	GlobalSection(ExtensibilityGlobals) = postSolution
		SolutionGuid = {AE9952DC-D28E-42DF-9EB4-D9E06534AA0B}
	EndGlobalSection
EndGlobal
