
Microsoft Visual Studio Solution File, Format Version 12.00
# Visual Studio 15
VisualStudioVersion = 15.0.35213.121
MinimumVisualStudioVersion = 10.0.40219.1
Project("{FAE04EC0-301F-11D3-BF4B-00C04F79EFBC}") = "UML13", "UML13\UML13.csproj", "{60C8CDEE-1EAE-4C08-A80D-F1FB2D6CD1C5}"
EndProject
Global
	GlobalSection(SolutionConfigurationPlatforms) = preSolution
		Debug|Any CPU = Debug|Any CPU
		Release|Any CPU = Release|Any CPU
	EndGlobalSection
	GlobalSection(ProjectConfigurationPlatforms) = postSolution
		{60C8CDEE-1EAE-4C08-A80D-F1FB2D6CD1C5}.Debug|Any CPU.ActiveCfg = Debug|Any CPU
		{60C8CDEE-1EAE-4C08-A80D-F1FB2D6CD1C5}.Debug|Any CPU.Build.0 = Debug|Any CPU
		{60C8CDEE-1EAE-4C08-A80D-F1FB2D6CD1C5}.Release|Any CPU.ActiveCfg = Release|Any CPU
		{60C8CDEE-1EAE-4C08-A80D-F1FB2D6CD1C5}.Release|Any CPU.Build.0 = Release|Any CPU
	EndGlobalSection
	GlobalSection(SolutionProperties) = preSolution
		HideSolutionNode = FALSE
	EndGlobalSection
	GlobalSection(ExtensibilityGlobals) = postSolution
		SolutionGuid = {CD1A28FC-CAC5-44BA-BF6C-F4D359D772CA}
	EndGlobalSection
EndGlobal
